
Microsoft Visual Studio Solution File, Format Version 12.00
# Visual Studio Version 16
VisualStudioVersion = 16.0.29613.14
MinimumVisualStudioVersion = 10.0.40219.1
Project("{FAE04EC0-301F-11D3-BF4B-00C04F79EFBC}") = "PacMan", "PacMan\PacMan.csproj", "{5AACBA05-B02F-4491-9CC8-9B2FEDDE877F}"
EndProject
Global
	GlobalSection(SolutionConfigurationPlatforms) = preSolution
		Debug|Any CPU = Debug|Any CPU
		Release|Any CPU = Release|Any CPU
	EndGlobalSection
	GlobalSection(ProjectConfigurationPlatforms) = postSolution
		{5AACBA05-B02F-4491-9CC8-9B2FEDDE877F}.Debug|Any CPU.ActiveCfg = Debug|Any CPU
		{5AACBA05-B02F-4491-9CC8-9B2FEDDE877F}.Debug|Any CPU.Build.0 = Debug|Any CPU
		{5AACBA05-B02F-4491-9CC8-9B2FEDDE877F}.Release|Any CPU.ActiveCfg = Release|Any CPU
		{5AACBA05-B02F-4491-9CC8-9B2FEDDE877F}.Release|Any CPU.Build.0 = Release|Any CPU
	EndGlobalSection
	GlobalSection(SolutionProperties) = preSolution
		HideSolutionNode = FALSE
	EndGlobalSection
	GlobalSection(ExtensibilityGlobals) = postSolution
		SolutionGuid = {C4674CC4-4E51-423C-8D6F-AEC85ADF97F6}
	EndGlobalSection
EndGlobal
